
Microsoft Visual Studio Solution File, Format Version 12.00
# Visual Studio 15
VisualStudioVersion = 15.0.28307.1169
MinimumVisualStudioVersion = 10.0.40219.1
Project("{FAE04EC0-301F-11D3-BF4B-00C04F79EFBC}") = "COMP1202_S20_Assg1_101296632", "COMP1202_S20_Assg1_101296632\COMP1202_S20_Assg1_101296632.csproj", "{329D7FFD-0221-4267-B809-295CA04C904C}"
EndProject
Global
	GlobalSection(SolutionConfigurationPlatforms) = preSolution
		Debug|Any CPU = Debug|Any CPU
		Release|Any CPU = Release|Any CPU
	EndGlobalSection
	GlobalSection(ProjectConfigurationPlatforms) = postSolution
		{329D7FFD-0221-4267-B809-295CA04C904C}.Debug|Any CPU.ActiveCfg = Debug|Any CPU
		{329D7FFD-0221-4267-B809-295CA04C904C}.Debug|Any CPU.Build.0 = Debug|Any CPU
		{329D7FFD-0221-4267-B809-295CA04C904C}.Release|Any CPU.ActiveCfg = Release|Any CPU
		{329D7FFD-0221-4267-B809-295CA04C904C}.Release|Any CPU.Build.0 = Release|Any CPU
	EndGlobalSection
	GlobalSection(SolutionProperties) = preSolution
		HideSolutionNode = FALSE
	EndGlobalSection
	GlobalSection(ExtensibilityGlobals) = postSolution
		SolutionGuid = {3527579A-F494-4F2D-89CD-D356C5600DC8}
	EndGlobalSection
EndGlobal
